
Microsoft Visual Studio Solution File, Format Version 11.00
# Visual Studio 2010
Project("{FAE04EC0-301F-11D3-BF4B-00C04F79EFBC}") = "myIdea - Copy", "Assembly-CSharp-firstpass.csproj", "{FE8D9E2F-0F83-09E6-D2B0-24E52F2D98A7}"
EndProject
Project("{FAE04EC0-301F-11D3-BF4B-00C04F79EFBC}") = "myIdea - Copy", "Assembly-CSharp.csproj", "{4F8DB80F-4125-5417-BF5D-A8C7E95574D6}"
EndProject
Project("{FAE04EC0-301F-11D3-BF4B-00C04F79EFBC}") = "myIdea - Copy", "Assembly-CSharp-Editor.csproj", "{ED1BB19F-875D-E6B9-0EA5-76BDDACCEB54}"
EndProject
Global
	GlobalSection(SolutionConfigurationPlatforms) = preSolution
		Debug|Any CPU = Debug|Any CPU
		Release|Any CPU = Release|Any CPU
	EndGlobalSection
	GlobalSection(ProjectConfigurationPlatforms) = postSolution
		{FE8D9E2F-0F83-09E6-D2B0-24E52F2D98A7}.Debug|Any CPU.ActiveCfg = Debug|Any CPU
		{FE8D9E2F-0F83-09E6-D2B0-24E52F2D98A7}.Debug|Any CPU.Build.0 = Debug|Any CPU
		{FE8D9E2F-0F83-09E6-D2B0-24E52F2D98A7}.Release|Any CPU.ActiveCfg = Release|Any CPU
		{FE8D9E2F-0F83-09E6-D2B0-24E52F2D98A7}.Release|Any CPU.Build.0 = Release|Any CPU
		{4F8DB80F-4125-5417-BF5D-A8C7E95574D6}.Debug|Any CPU.ActiveCfg = Debug|Any CPU
		{4F8DB80F-4125-5417-BF5D-A8C7E95574D6}.Debug|Any CPU.Build.0 = Debug|Any CPU
		{4F8DB80F-4125-5417-BF5D-A8C7E95574D6}.Release|Any CPU.ActiveCfg = Release|Any CPU
		{4F8DB80F-4125-5417-BF5D-A8C7E95574D6}.Release|Any CPU.Build.0 = Release|Any CPU
		{ED1BB19F-875D-E6B9-0EA5-76BDDACCEB54}.Debug|Any CPU.ActiveCfg = Debug|Any CPU
		{ED1BB19F-875D-E6B9-0EA5-76BDDACCEB54}.Debug|Any CPU.Build.0 = Debug|Any CPU
		{ED1BB19F-875D-E6B9-0EA5-76BDDACCEB54}.Release|Any CPU.ActiveCfg = Release|Any CPU
		{ED1BB19F-875D-E6B9-0EA5-76BDDACCEB54}.Release|Any CPU.Build.0 = Release|Any CPU
	EndGlobalSection
	GlobalSection(SolutionProperties) = preSolution
		HideSolutionNode = FALSE
	EndGlobalSection
	GlobalSection(MonoDevelopProperties) = preSolution
		StartupItem = Assembly-CSharp.csproj
	EndGlobalSection
EndGlobal
