
Microsoft Visual Studio Solution File, Format Version 11.00
# Visual Studio 2010
Project("{FAE04EC0-301F-11D3-BF4B-00C04F79EFBC}") = "Word Search", "Assembly-CSharp-firstpass.csproj", "{136B88E9-7586-1039-FE40-94B221A76855}"
EndProject
Project("{FAE04EC0-301F-11D3-BF4B-00C04F79EFBC}") = "Word Search", "Assembly-CSharp.csproj", "{CB0489DC-77B5-EE02-E1B2-3186513C7B4A}"
EndProject
Project("{FAE04EC0-301F-11D3-BF4B-00C04F79EFBC}") = "Word Search", "Assembly-CSharp-Editor.csproj", "{2C2A6988-0510-7475-38B0-4F14D438F932}"
EndProject
Global
	GlobalSection(SolutionConfigurationPlatforms) = preSolution
		Debug|Any CPU = Debug|Any CPU
		Release|Any CPU = Release|Any CPU
	EndGlobalSection
	GlobalSection(ProjectConfigurationPlatforms) = postSolution
		{136B88E9-7586-1039-FE40-94B221A76855}.Debug|Any CPU.ActiveCfg = Debug|Any CPU
		{136B88E9-7586-1039-FE40-94B221A76855}.Debug|Any CPU.Build.0 = Debug|Any CPU
		{136B88E9-7586-1039-FE40-94B221A76855}.Release|Any CPU.ActiveCfg = Release|Any CPU
		{136B88E9-7586-1039-FE40-94B221A76855}.Release|Any CPU.Build.0 = Release|Any CPU
		{CB0489DC-77B5-EE02-E1B2-3186513C7B4A}.Debug|Any CPU.ActiveCfg = Debug|Any CPU
		{CB0489DC-77B5-EE02-E1B2-3186513C7B4A}.Debug|Any CPU.Build.0 = Debug|Any CPU
		{CB0489DC-77B5-EE02-E1B2-3186513C7B4A}.Release|Any CPU.ActiveCfg = Release|Any CPU
		{CB0489DC-77B5-EE02-E1B2-3186513C7B4A}.Release|Any CPU.Build.0 = Release|Any CPU
		{2C2A6988-0510-7475-38B0-4F14D438F932}.Debug|Any CPU.ActiveCfg = Debug|Any CPU
		{2C2A6988-0510-7475-38B0-4F14D438F932}.Debug|Any CPU.Build.0 = Debug|Any CPU
		{2C2A6988-0510-7475-38B0-4F14D438F932}.Release|Any CPU.ActiveCfg = Release|Any CPU
		{2C2A6988-0510-7475-38B0-4F14D438F932}.Release|Any CPU.Build.0 = Release|Any CPU
	EndGlobalSection
	GlobalSection(SolutionProperties) = preSolution
		HideSolutionNode = FALSE
	EndGlobalSection
	GlobalSection(MonoDevelopProperties) = preSolution
		StartupItem = Assembly-CSharp.csproj
	EndGlobalSection
EndGlobal
